
Microsoft Visual Studio Solution File, Format Version 12.00
# Visual Studio Version 16
VisualStudioVersion = 16.0.30717.126
MinimumVisualStudioVersion = 10.0.40219.1
Project("{FAE04EC0-301F-11D3-BF4B-00C04F79EFBC}") = "Persistencia", "Persistencia\Persistencia.csproj", "{C1709295-6DD6-4FD9-9139-59D8883BB841}"
EndProject
Project("{FAE04EC0-301F-11D3-BF4B-00C04F79EFBC}") = "Negocio", "Negocio\Negocio.csproj", "{9CE5EAC6-6AE1-4694-8EA2-F1BBFDD7DB36}"
EndProject
Project("{FAE04EC0-301F-11D3-BF4B-00C04F79EFBC}") = "Web", "Web\Web.csproj", "{06EE6FD6-2013-4AEA-9775-21AF482108D9}"
EndProject
Global
	GlobalSection(SolutionConfigurationPlatforms) = preSolution
		Debug|Any CPU = Debug|Any CPU
		Release|Any CPU = Release|Any CPU
	EndGlobalSection
	GlobalSection(ProjectConfigurationPlatforms) = postSolution
		{C1709295-6DD6-4FD9-9139-59D8883BB841}.Debug|Any CPU.ActiveCfg = Debug|Any CPU
		{C1709295-6DD6-4FD9-9139-59D8883BB841}.Debug|Any CPU.Build.0 = Debug|Any CPU
		{C1709295-6DD6-4FD9-9139-59D8883BB841}.Release|Any CPU.ActiveCfg = Release|Any CPU
		{C1709295-6DD6-4FD9-9139-59D8883BB841}.Release|Any CPU.Build.0 = Release|Any CPU
		{9CE5EAC6-6AE1-4694-8EA2-F1BBFDD7DB36}.Debug|Any CPU.ActiveCfg = Debug|Any CPU
		{9CE5EAC6-6AE1-4694-8EA2-F1BBFDD7DB36}.Debug|Any CPU.Build.0 = Debug|Any CPU
		{9CE5EAC6-6AE1-4694-8EA2-F1BBFDD7DB36}.Release|Any CPU.ActiveCfg = Release|Any CPU
		{9CE5EAC6-6AE1-4694-8EA2-F1BBFDD7DB36}.Release|Any CPU.Build.0 = Release|Any CPU
		{06EE6FD6-2013-4AEA-9775-21AF482108D9}.Debug|Any CPU.ActiveCfg = Debug|Any CPU
		{06EE6FD6-2013-4AEA-9775-21AF482108D9}.Debug|Any CPU.Build.0 = Debug|Any CPU
		{06EE6FD6-2013-4AEA-9775-21AF482108D9}.Release|Any CPU.ActiveCfg = Release|Any CPU
		{06EE6FD6-2013-4AEA-9775-21AF482108D9}.Release|Any CPU.Build.0 = Release|Any CPU
	EndGlobalSection
	GlobalSection(SolutionProperties) = preSolution
		HideSolutionNode = FALSE
	EndGlobalSection
	GlobalSection(ExtensibilityGlobals) = postSolution
		SolutionGuid = {B4131099-CDDA-4584-8B09-D9FF76881EFB}
	EndGlobalSection
EndGlobal
